[[package]]
name = "pip"
version = "22.0.3"
requires_python = ">=3.7"
summary = "The PyPA recommended tool for installing Python packages."

[[package]]
name = "setuptools"
version = "60.8.0"
requires_python = ">=3.7"
summary = "Easily download, build, install, upgrade, and uninstall Python packages"

[[package]]
name = "wheel"
version = "0.37.1"
requires_python = "!=3.0.*,!=3.1.*,!=3.2.*,!=3.3.*,!=3.4.*,>=2.7"
summary = "A built-package format for Python"

[metadata]
lock_version = "3.1"
content_hash = "sha256:095d88b2ca8e03a35e56cdad0942455413c4345cf2278485fcba159f022a7ffe"

[metadata.files]
"pip 22.0.3" = [
    {file = "pip-22.0.3-py3-none-any.whl", hash = "sha256:c146f331f0805c77017c6bb9740cec4a49a0d4582d0c3cc8244b057f83eca359"},
    {file = "pip-22.0.3.tar.gz", hash = "sha256:f29d589df8c8ab99c060e68ad294c4a9ed896624f6368c5349d70aa581b333d0"},
]
"setuptools 60.8.0" = [
    {file = "setuptools-60.8.0-py3-none-any.whl", hash = "sha256:4f783948909b28124388eef286572e9e69c228b6866d44ac7475bd82e94b6503"},
    {file = "setuptools-60.8.0.tar.gz", hash = "sha256:5d7a302d3c3ae24d3bbaaecf5c4544056b2dd44b3e6690014dc096d64f12d672"},
]
"wheel 0.37.1" = [
    {file = "wheel-0.37.1-py2.py3-none-any.whl", hash = "sha256:4bdcd7d840138086126cd09254dc6195fb4fc6f01c050a1d7236f2630db1d22a"},
    {file = "wheel-0.37.1.tar.gz", hash = "sha256:e9a504e793efbca1b8e0e9cb979a249cf4a0a7b5b8c9e8b65a5e39d49529c1c4"},
]
